
Microsoft Visual Studio Solution File, Format Version 12.00
# Visual Studio Version 17
VisualStudioVersion = 17.9.34728.123
MinimumVisualStudioVersion = 10.0.40219.1
Project("{FAE04EC0-301F-11D3-BF4B-00C04F79EFBC}") = "DIPatternDemo", "DIPatternDemo\DIPatternDemo.csproj", "{D2F88587-27D7-43D9-A82B-1A13CF8A3BE3}"
EndProject
Global
	GlobalSection(SolutionConfigurationPlatforms) = preSolution
		Debug|Any CPU = Debug|Any CPU
		Release|Any CPU = Release|Any CPU
	EndGlobalSection
	GlobalSection(ProjectConfigurationPlatforms) = postSolution
		{D2F88587-27D7-43D9-A82B-1A13CF8A3BE3}.Debug|Any CPU.ActiveCfg = Debug|Any CPU
		{D2F88587-27D7-43D9-A82B-1A13CF8A3BE3}.Debug|Any CPU.Build.0 = Debug|Any CPU
		{D2F88587-27D7-43D9-A82B-1A13CF8A3BE3}.Release|Any CPU.ActiveCfg = Release|Any CPU
		{D2F88587-27D7-43D9-A82B-1A13CF8A3BE3}.Release|Any CPU.Build.0 = Release|Any CPU
	EndGlobalSection
	GlobalSection(SolutionProperties) = preSolution
		HideSolutionNode = FALSE
	EndGlobalSection
	GlobalSection(ExtensibilityGlobals) = postSolution
		SolutionGuid = {4D563388-3DB0-4106-8A54-0FCBBFCD3E11}
	EndGlobalSection
EndGlobal
